// !$*UTF8*$!
{
	archiveVersion = 1;
	classes = {
	};
	objectVersion = 50;
	objects = {

/* Begin PBXBuildFile section */
		4D005DD926409AB0009B7786 /* PostTableViewCell.swift in Sources */ = {isa = PBXBuildFile; fileRef = 4D005DD826409AB0009B7786 /* PostTableViewCell.swift */; };
		4D005E1F2640B820009B7786 /* NetworkManager.swift in Sources */ = {isa = PBXBuildFile; fileRef = 4D005E1E2640B820009B7786 /* NetworkManager.swift */; };
		4D5BB3D82637D6390010FDEC /* AppDelegate.swift in Sources */ = {isa = PBXBuildFile; fileRef = 4D5BB3D72637D6390010FDEC /* AppDelegate.swift */; };
		4D5BB3DA2637D6390010FDEC /* SceneDelegate.swift in Sources */ = {isa = PBXBuildFile; fileRef = 4D5BB3D92637D6390010FDEC /* SceneDelegate.swift */; };
		4D5BB3DC2637D6390010FDEC /* FeedViewController.swift in Sources */ = {isa = PBXBuildFile; fileRef = 4D5BB3DB2637D6390010FDEC /* FeedViewController.swift */; };
		4D5BB3DF2637D6390010FDEC /* Main.storyboard in Resources */ = {isa = PBXBuildFile; fileRef = 4D5BB3DD2637D6390010FDEC /* Main.storyboard */; };
		4D5BB3E12637D63B0010FDEC /* Assets.xcassets in Resources */ = {isa = PBXBuildFile; fileRef = 4D5BB3E02637D63B0010FDEC /* Assets.xcassets */; };
		4D5BB3E42637D63B0010FDEC /* LaunchScreen.storyboard in Resources */ = {isa = PBXBuildFile; fileRef = 4D5BB3E22637D63B0010FDEC /* LaunchScreen.storyboard */; };
		4DA8F36A2637E8AD009CA0D8 /* Post.swift in Sources */ = {isa = PBXBuildFile; fileRef = 4DA8F3692637E8AD009CA0D8 /* Post.swift */; };
/* End PBXBuildFile section */

/* Begin PBXFileReference section */
		4D005DD826409AB0009B7786 /* PostTableViewCell.swift */ = {isa = PBXFileReference; lastKnownFileType = sourcecode.swift; path = PostTableViewCell.swift; sourceTree = "<group>"; };
		4D005E1E2640B820009B7786 /* NetworkManager.swift */ = {isa = PBXFileReference; lastKnownFileType = sourcecode.swift; path = NetworkManager.swift; sourceTree = "<group>"; };
		4D5BB3D42637D6390010FDEC /* ProductHunt.app */ = {isa = PBXFileReference; explicitFileType = wrapper.application; includeInIndex = 0; path = ProductHunt.app; sourceTree = BUILT_PRODUCTS_DIR; };
		4D5BB3D72637D6390010FDEC /* AppDelegate.swift */ = {isa = PBXFileReference; lastKnownFileType = sourcecode.swift; path = AppDelegate.swift; sourceTree = "<group>"; };
		4D5BB3D92637D6390010FDEC /* SceneDelegate.swift */ = {isa = PBXFileReference; lastKnownFileType = sourcecode.swift; path = SceneDelegate.swift; sourceTree = "<group>"; };
		4D5BB3DB2637D6390010FDEC /* FeedViewController.swift */ = {isa = PBXFileReference; lastKnownFileType = sourcecode.swift; path = FeedViewController.swift; sourceTree = "<group>"; };
		4D5BB3DE2637D6390010FDEC /* Base */ = {isa = PBXFileReference; lastKnownFileType = file.storyboard; name = Base; path = Base.lproj/Main.storyboard; sourceTree = "<group>"; };
		4D5BB3E02637D63B0010FDEC /* Assets.xcassets */ = {isa = PBXFileReference; lastKnownFileType = folder.assetcatalog; path = Assets.xcassets; sourceTree = "<group>"; };
		4D5BB3E32637D63B0010FDEC /* Base */ = {isa = PBXFileReference; lastKnownFileType = file.storyboard; name = Base; path = Base.lproj/LaunchScreen.storyboard; sourceTree = "<group>"; };
		4D5BB3E52637D63B0010FDEC /* Info.plist */ = {isa = PBXFileReference; lastKnownFileType = text.plist.xml; path = Info.plist; sourceTree = "<group>"; };
		4DA8F3692637E8AD009CA0D8 /* Post.swift */ = {isa = PBXFileReference; lastKnownFileType = sourcecode.swift; path = Post.swift; sourceTree = "<group>"; };
/* End PBXFileReference section */

/* Begin PBXFrameworksBuildPhase section */
		4D5BB3D12637D6390010FDEC /* Frameworks */ = {
			isa = PBXFrameworksBuildPhase;
			buildActionMask = 2147483647;
			files = (
			);
			runOnlyForDeploymentPostprocessing = 0;
		};
/* End PBXFrameworksBuildPhase section */

/* Begin PBXGroup section */
		4D5BB3CB2637D6390010FDEC = {
			isa = PBXGroup;
			children = (
				4D5BB3D62637D6390010FDEC /* ProductHunt */,
				4D5BB3D52637D6390010FDEC /* Products */,
			);
			sourceTree = "<group>";
		};
		4D5BB3D52637D6390010FDEC /* Products */ = {
			isa = PBXGroup;
			children = (
				4D5BB3D42637D6390010FDEC /* ProductHunt.app */,
			);
			name = Products;
			sourceTree = "<group>";
		};
		4D5BB3D62637D6390010FDEC /* ProductHunt */ = {
			isa = PBXGroup;
			children = (
				4D5BB3D72637D6390010FDEC /* AppDelegate.swift */,
				4D5BB3D92637D6390010FDEC /* SceneDelegate.swift */,
				4DA8F3692637E8AD009CA0D8 /* Post.swift */,
				4D005E1E2640B820009B7786 /* NetworkManager.swift */,
				4D5BB3DB2637D6390010FDEC /* FeedViewController.swift */,
				4D005DD826409AB0009B7786 /* PostTableViewCell.swift */,
				4D5BB3DD2637D6390010FDEC /* Main.storyboard */,
				4D5BB3E02637D63B0010FDEC /* Assets.xcassets */,
				4D5BB3E22637D63B0010FDEC /* LaunchScreen.storyboard */,
				4D5BB3E52637D63B0010FDEC /* Info.plist */,
			);
			path = ProductHunt;
			sourceTree = "<group>";
		};
/* End PBXGroup section */

/* Begin PBXNativeTarget section */
		4D5BB3D32637D6390010FDEC /* ProductHunt */ = {
			isa = PBXNativeTarget;
			buildConfigurationList = 4D5BB3E82637D63B0010FDEC /* Build configuration list for PBXNativeTarget "ProductHunt" */;
			buildPhases = (
				4D5BB3D02637D6390010FDEC /* Sources */,
				4D5BB3D12637D6390010FDEC /* Frameworks */,
				4D5BB3D22637D6390010FDEC /* Resources */,
			);
			buildRules = (
			);
			dependencies = (
			);
			name = ProductHunt;
			productName = ProductHunt;
			productReference = 4D5BB3D42637D6390010FDEC /* ProductHunt.app */;
			productType = "com.apple.product-type.application";
		};
/* End PBXNativeTarget section */

/* Begin PBXProject section */
		4D5BB3CC2637D6390010FDEC /* Project object */ = {
			isa = PBXProject;
			attributes = {
				LastSwiftUpdateCheck = 1240;
				LastUpgradeCheck = 1240;
				TargetAttributes = {
					4D5BB3D32637D6390010FDEC = {
						CreatedOnToolsVersion = 12.4;
					};
				};
			};
			buildConfigurationList = 4D5BB3CF2637D6390010FDEC /* Build configuration list for PBXProject "ProductHunt" */;
			compatibilityVersion = "Xcode 9.3";
			developmentRegion = en;
			hasScannedForEncodings = 0;
			knownRegions = (
				en,
				Base,
			);
			mainGroup = 4D5BB3CB2637D6390010FDEC;
			productRefGroup = 4D5BB3D52637D6390010FDEC /* Products */;
			projectDirPath = "";
			projectRoot = "";
			targets = (
				4D5BB3D32637D6390010FDEC /* ProductHunt */,
			);
		};
/* End PBXProject section */

/* Begin PBXResourcesBuildPhase section */
		4D5BB3D22637D6390010FDEC /* Resources */ = {
			isa = PBXResourcesBuildPhase;
			buildActionMask = 2147483647;
			files = (
				4D5BB3E42637D63B0010FDEC /* LaunchScreen.storyboard in Resources */,
				4D5BB3E12637D63B0010FDEC /* Assets.xcassets in Resources */,
				4D5BB3DF2637D6390010FDEC /* Main.storyboard in Resources */,
			);
			runOnlyForDeploymentPostprocessing = 0;
		};
/* End PBXResourcesBuildPhase section */

/* Begin PBXSourcesBuildPhase section */
		4D5BB3D02637D6390010FDEC /* Sources */ = {
			isa = PBXSourcesBuildPhase;
			buildActionMask = 2147483647;
			files = (
				4D005E1F2640B820009B7786 /* NetworkManager.swift in Sources */,
				4D5BB3DC2637D6390010FDEC /* FeedViewController.swift in Sources */,
				4D5BB3D82637D6390010FDEC /* AppDelegate.swift in Sources */,
				4D005DD926409AB0009B7786 /* PostTableViewCell.swift in Sources */,
				4D5BB3DA2637D6390010FDEC /* SceneDelegate.swift in Sources */,
				4DA8F36A2637E8AD009CA0D8 /* Post.swift in Sources */,
			);
			runOnlyForDeploymentPostprocessing = 0;
		};
/* End PBXSourcesBuildPhase section */

/* Begin PBXVariantGroup section */
		4D5BB3DD2637D6390010FDEC /* Main.storyboard */ = {
			isa = PBXVariantGroup;
			children = (
				4D5BB3DE2637D6390010FDEC /* Base */,
			);
			name = Main.storyboard;
			sourceTree = "<group>";
		};
		4D5BB3E22637D63B0010FDEC /* LaunchScreen.storyboard */ = {
			isa = PBXVariantGroup;
			children = (
				4D5BB3E32637D63B0010FDEC /* Base */,
			);
			name = LaunchScreen.storyboard;
			sourceTree = "<group>";
		};
/* End PBXVariantGroup section */

/* Begin XCBuildConfiguration section */
		4D5BB3E62637D63B0010FDEC /* Debug */ = {
			isa = XCBuildConfiguration;
			buildSettings = {
				ALWAYS_SEARCH_USER_PATHS = NO;
				CLANG_ANALYZER_NONNULL = YES;
				CLANG_ANALYZER_NUMBER_OBJECT_CONVERSION = YES_AGGRESSIVE;
				CLANG_CXX_LANGUAGE_STANDARD = "gnu++14";
				CLANG_CXX_LIBRARY = "libc++";
				CLANG_ENABLE_MODULES = YES;
				CLANG_ENABLE_OBJC_ARC = YES;
				CLANG_ENABLE_OBJC_WEAK = YES;
				CLANG_WARN_BLOCK_CAPTURE_AUTORELEASING = YES;
				CLANG_WARN_BOOL_CONVERSION = YES;
				CLANG_WARN_COMMA = YES;
				CLANG_WARN_CONSTANT_CONVERSION = YES;
				CLANG_WARN_DEPRECATED_OBJC_IMPLEMENTATIONS = YES;
				CLANG_WARN_DIRECT_OBJC_ISA_USAGE = YES_ERROR;
				CLANG_WARN_DOCUMENTATION_COMMENTS = YES;
				CLANG_WARN_EMPTY_BODY = YES;
				CLANG_WARN_ENUM_CONVERSION = YES;
				CLANG_WARN_INFINITE_RECURSION = YES;
				CLANG_WARN_INT_CONVERSION = YES;
				CLANG_WARN_NON_LITERAL_NULL_CONVERSION = YES;
				CLANG_WARN_OBJC_IMPLICIT_RETAIN_SELF = YES;
				CLANG_WARN_OBJC_LITERAL_CONVERSION = YES;
				CLANG_WARN_OBJC_ROOT_CLASS = YES_ERROR;
				CLANG_WARN_QUOTED_INCLUDE_IN_FRAMEWORK_HEADER = YES;
				CLANG_WARN_RANGE_LOOP_ANALYSIS = YES;
				CLANG_WARN_STRICT_PROTOTYPES = YES;
				CLANG_WARN_SUSPICIOUS_MOVE = YES;
				CLANG_WARN_UNGUARDED_AVAILABILITY = YES_AGGRESSIVE;
				CLANG_WARN_UNREACHABLE_CODE = YES;
				CLANG_WARN__DUPLICATE_METHOD_MATCH = YES;
				COPY_PHASE_STRIP = NO;
				DEBUG_INFORMATION_FORMAT = dwarf;
				ENABLE_STRICT_OBJC_MSGSEND = YES;
				ENABLE_TESTABILITY = YES;
				GCC_C_LANGUAGE_STANDARD = gnu11;
				GCC_DYNAMIC_NO_PIC = NO;
				GCC_NO_COMMON_BLOCKS = YES;
				GCC_OPTIMIZATION_LEVEL = 0;
				GCC_PREPROCESSOR_DEFINITIONS = (
					"DEBUG=1",
					"$(inherited)",
				);
				GCC_WARN_64_TO_32_BIT_CONVERSION = YES;
				GCC_WARN_ABOUT_RETURN_TYPE = YES_ERROR;
				GCC_WARN_UNDECLARED_SELECTOR = YES;
				GCC_WARN_UNINITIALIZED_AUTOS = YES_AGGRESSIVE;
				GCC_WARN_UNUSED_FUNCTION = YES;
				GCC_WARN_UNUSED_VARIABLE = YES;
				IPHONEOS_DEPLOYMENT_TARGET = 14.4;
				MTL_ENABLE_DEBUG_INFO = INCLUDE_SOURCE;
				MTL_FAST_MATH = YES;
				ONLY_ACTIVE_ARCH = YES;
				SDKROOT = iphoneos;
				SWIFT_ACTIVE_COMPILATION_CONDITIONS = DEBUG;
				SWIFT_OPTIMIZATION_LEVEL = "-Onone";
			};
			name = Debug;
		};
		4D5BB3E72637D63B0010FDEC /* Release */ = {
			isa = XCBuildConfiguration;
			buildSettings = {
				ALWAYS_SEARCH_USER_PATHS = NO;
				CLANG_ANALYZER_NONNULL = YES;
				CLANG_ANALYZER_NUMBER_OBJECT_CONVERSION = YES_AGGRESSIVE;
				CLANG_CXX_LANGUAGE_STANDARD = "gnu++14";
				CLANG_CXX_LIBRARY = "libc++";
				CLANG_ENABLE_MODULES = YES;
				CLANG_ENABLE_OBJC_ARC = YES;
				CLANG_ENABLE_OBJC_WEAK = YES;
				CLANG_WARN_BLOCK_CAPTURE_AUTORELEASING = YES;
				CLANG_WARN_BOOL_CONVERSION = YES;
				CLANG_WARN_COMMA = YES;
				CLANG_WARN_CONSTANT_CONVERSION = YES;
				CLANG_WARN_DEPRECATED_OBJC_IMPLEMENTATIONS = YES;
				CLANG_WARN_DIRECT_OBJC_ISA_USAGE = YES_ERROR;
				CLANG_WARN_DOCUMENTATION_COMMENTS = YES;
				CLANG_WARN_EMPTY_BODY = YES;
				CLANG_WARN_ENUM_CONVERSION = YES;
				CLANG_WARN_INFINITE_RECURSION = YES;
				CLANG_WARN_INT_CONVERSION = YES;
				CLANG_WARN_NON_LITERAL_NULL_CONVERSION = YES;
				CLANG_WARN_OBJC_IMPLICIT_RETAIN_SELF = YES;
				CLANG_WARN_OBJC_LITERAL_CONVERSION = YES;
				CLANG_WARN_OBJC_ROOT_CLASS = YES_ERROR;
				CLANG_WARN_QUOTED_INCLUDE_IN_FRAMEWORK_HEADER = YES;
				CLANG_WARN_RANGE_LOOP_ANALYSIS = YES;
				CLANG_WARN_STRICT_PROTOTYPES = YES;
				CLANG_WARN_SUSPICIOUS_MOVE = YES;
				CLANG_WARN_UNGUARDED_AVAILABILITY = YES_AGGRESSIVE;
				CLANG_WARN_UNREACHABLE_CODE = YES;
				CLANG_WARN__DUPLICATE_METHOD_MATCH = YES;
				COPY_PHASE_STRIP = NO;
				DEBUG_INFORMATION_FORMAT = "dwarf-with-dsym";
				ENABLE_NS_ASSERTIONS = NO;
				ENABLE_STRICT_OBJC_MSGSEND = YES;
				GCC_C_LANGUAGE_STANDARD = gnu11;
				GCC_NO_COMMON_BLOCKS = YES;
				GCC_WARN_64_TO_32_BIT_CONVERSION = YES;
				GCC_WARN_ABOUT_RETURN_TYPE = YES_ERROR;
				GCC_WARN_UNDECLARED_SELECTOR = YES;
				GCC_WARN_UNINITIALIZED_AUTOS = YES_AGGRESSIVE;
				GCC_WARN_UNUSED_FUNCTION = YES;
				GCC_WARN_UNUSED_VARIABLE = YES;
				IPHONEOS_DEPLOYMENT_TARGET = 14.4;
				MTL_ENABLE_DEBUG_INFO = NO;
				MTL_FAST_MATH = YES;
				SDKROOT = iphoneos;
				SWIFT_COMPILATION_MODE = wholemodule;
				SWIFT_OPTIMIZATION_LEVEL = "-O";
				VALIDATE_PRODUCT = YES;
			};
			name = Release;
		};
		4D5BB3E92637D63B0010FDEC /* Debug */ = {
			isa = XCBuildConfiguration;
			buildSettings = {
				ASSETCATALOG_COMPILER_APPICON_NAME = AppIcon;
				ASSETCATALOG_COMPILER_GLOBAL_ACCENT_COLOR_NAME = AccentColor;
				CODE_SIGN_STYLE = Automatic;
				DEVELOPMENT_TEAM = DSQR5BP855;
				INFOPLIST_FILE = ProductHunt/Info.plist;
				LD_RUNPATH_SEARCH_PATHS = (
					"$(inherited)",
					"@executable_path/Frameworks",
				);
				PRODUCT_BUNDLE_IDENTIFIER = com.Makeschool.ProductHunt;
				PRODUCT_NAME = "$(TARGET_NAME)";
				SWIFT_VERSION = 5.0;
				TARGETED_DEVICE_FAMILY = "1,2";
			};
			name = Debug;
		};
		4D5BB3EA2637D63B0010FDEC /* Release */ = {
			isa = XCBuildConfiguration;
			buildSettings = {
				ASSETCATALOG_COMPILER_APPICON_NAME = AppIcon;
				ASSETCATALOG_COMPILER_GLOBAL_ACCENT_COLOR_NAME = AccentColor;
				CODE_SIGN_STYLE = Automatic;
				DEVELOPMENT_TEAM = DSQR5BP855;
				INFOPLIST_FILE = ProductHunt/Info.plist;
				LD_RUNPATH_SEARCH_PATHS = (
					"$(inherited)",
					"@executable_path/Frameworks",
				);
				PRODUCT_BUNDLE_IDENTIFIER = com.Makeschool.ProductHunt;
				PRODUCT_NAME = "$(TARGET_NAME)";
				SWIFT_VERSION = 5.0;
				TARGETED_DEVICE_FAMILY = "1,2";
			};
			name = Release;
		};
/* End XCBuildConfiguration section */

/* Begin XCConfigurationList section */
		4D5BB3CF2637D6390010FDEC /* Build configuration list for PBXProject "ProductHunt" */ = {
			isa = XCConfigurationList;
			buildConfigurations = (
				4D5BB3E62637D63B0010FDEC /* Debug */,
				4D5BB3E72637D63B0010FDEC /* Release */,
			);
			defaultConfigurationIsVisible = 0;
			defaultConfigurationName = Release;
		};
		4D5BB3E82637D63B0010FDEC /* Build configuration list for PBXNativeTarget "ProductHunt" */ = {
			isa = XCConfigurationList;
			buildConfigurations = (
				4D5BB3E92637D63B0010FDEC /* Debug */,
				4D5BB3EA2637D63B0010FDEC /* Release */,
			);
			defaultConfigurationIsVisible = 0;
			defaultConfigurationName = Release;
		};
/* End XCConfigurationList section */
	};
	rootObject = 4D5BB3CC2637D6390010FDEC /* Project object */;
}
